
Microsoft Visual Studio Solution File, Format Version 12.00
# Visual Studio Version 16
VisualStudioVersion = 16.0.30517.126
MinimumVisualStudioVersion = 10.0.40219.1
Project("{9A19103F-16F7-4668-BE54-9A1E7A4F7556}") = "ConnectUs.Web", "ConnectUs\ConnectUs.Web.csproj", "{8503FF4A-625D-4C45-A100-77123C494987}"
EndProject
Project("{9A19103F-16F7-4668-BE54-9A1E7A4F7556}") = "ConnectUs.Domain", "ContactUs.Domain\ConnectUs.Domain.csproj", "{DEB1978A-236E-4E65-B515-5AF7BEDD8CCB}"
EndProject
Project("{9A19103F-16F7-4668-BE54-9A1E7A4F7556}") = "ConnectUs.Infrastructure", "ConnectUs.Infrastructure\ConnectUs.Infrastructure.csproj", "{70C0AFEF-F7C8-490B-B7E8-901D7227F7B4}"
EndProject
Global
	GlobalSection(SolutionConfigurationPlatforms) = preSolution
		Debug|Any CPU = Debug|Any CPU
		Release|Any CPU = Release|Any CPU
	EndGlobalSection
	GlobalSection(ProjectConfigurationPlatforms) = postSolution
		{8503FF4A-625D-4C45-A100-77123C494987}.Debug|Any CPU.ActiveCfg = Debug|Any CPU
		{8503FF4A-625D-4C45-A100-77123C494987}.Debug|Any CPU.Build.0 = Debug|Any CPU
		{8503FF4A-625D-4C45-A100-77123C494987}.Release|Any CPU.ActiveCfg = Release|Any CPU
		{8503FF4A-625D-4C45-A100-77123C494987}.Release|Any CPU.Build.0 = Release|Any CPU
		{DEB1978A-236E-4E65-B515-5AF7BEDD8CCB}.Debug|Any CPU.ActiveCfg = Debug|Any CPU
		{DEB1978A-236E-4E65-B515-5AF7BEDD8CCB}.Debug|Any CPU.Build.0 = Debug|Any CPU
		{DEB1978A-236E-4E65-B515-5AF7BEDD8CCB}.Release|Any CPU.ActiveCfg = Release|Any CPU
		{DEB1978A-236E-4E65-B515-5AF7BEDD8CCB}.Release|Any CPU.Build.0 = Release|Any CPU
		{70C0AFEF-F7C8-490B-B7E8-901D7227F7B4}.Debug|Any CPU.ActiveCfg = Debug|Any CPU
		{70C0AFEF-F7C8-490B-B7E8-901D7227F7B4}.Debug|Any CPU.Build.0 = Debug|Any CPU
		{70C0AFEF-F7C8-490B-B7E8-901D7227F7B4}.Release|Any CPU.ActiveCfg = Release|Any CPU
		{70C0AFEF-F7C8-490B-B7E8-901D7227F7B4}.Release|Any CPU.Build.0 = Release|Any CPU
	EndGlobalSection
	GlobalSection(SolutionProperties) = preSolution
		HideSolutionNode = FALSE
	EndGlobalSection
	GlobalSection(ExtensibilityGlobals) = postSolution
		SolutionGuid = {79D9D184-EC97-4C4C-B090-64E817B1BE16}
	EndGlobalSection
EndGlobal
